
Microsoft Visual Studio Solution File, Format Version 12.00
# Visual Studio Version 16
VisualStudioVersion = 16.0.33927.289
MinimumVisualStudioVersion = 10.0.40219.1
Project("{2150E333-8FDC-42A3-9474-1A3956D46DE8}") = "Task0", "Task0", "{E2B3E4C5-A91C-42ED-AB7D-244AA620E97C}"
EndProject
Project("{FAE04EC0-301F-11D3-BF4B-00C04F79EFBC}") = "Tyuiu.IvashkinaKE.Sprint6.Task0.V7.Lib", "Tyuiu.IvashkinaKE.Sprint6.Task0.V7.Lib\Tyuiu.IvashkinaKE.Sprint6.Task0.V7.Lib.csproj", "{6AE86624-F900-4A76-A0B0-6877A56F2A18}"
EndProject
Project("{FAE04EC0-301F-11D3-BF4B-00C04F79EFBC}") = "Tyuiu.IvashkinaKE.Sprint6.Task0.V7.Test", "Tyuiu.IvashkinaKE.Sprint6.Task0.V7.Test\Tyuiu.IvashkinaKE.Sprint6.Task0.V7.Test.csproj", "{E98121CE-9E41-4210-BC0E-1B3CA3A7E12F}"
EndProject
Project("{FAE04EC0-301F-11D3-BF4B-00C04F79EFBC}") = "Tyuiu.IvashkinaKE.Sprint6.Task0.V7", "Tyuiu.IvashkinaKE.Sprint6.Task0.V7\Tyuiu.IvashkinaKE.Sprint6.Task0.V7.csproj", "{831CD4FD-E13E-4164-BEEB-744B26C51C02}"
EndProject
Project("{2150E333-8FDC-42A3-9474-1A3956D46DE8}") = "Task1", "Task1", "{191DE8FB-BB30-4C5C-B204-A9027214CCBF}"
EndProject
Project("{FAE04EC0-301F-11D3-BF4B-00C04F79EFBC}") = "Tyuiu.IvashkinaKE.Sprint6.Task1.V18.Lib", "Tyuiu.IvashkinaKE.Sprint6.Task1.V18.Lib\Tyuiu.IvashkinaKE.Sprint6.Task1.V18.Lib.csproj", "{C5733F80-1016-4F15-BF05-71E7D11C209E}"
EndProject
Project("{FAE04EC0-301F-11D3-BF4B-00C04F79EFBC}") = "Tyuiu.IvashkinaKE.Sprint6.Task1.V18.Test", "Tyuiu.IvashkinaKE.Sprint6.Task1.V18.Test\Tyuiu.IvashkinaKE.Sprint6.Task1.V18.Test.csproj", "{243395C6-A5EB-420C-B1D3-1FD8B82CCE99}"
EndProject
Project("{FAE04EC0-301F-11D3-BF4B-00C04F79EFBC}") = "Tyuiu.IvashkinaKE.Sprint6.Task1.V18", "Tyuiu.IvashkinaKE.Sprint6.Task1.V18\Tyuiu.IvashkinaKE.Sprint6.Task1.V18.csproj", "{C865690E-1C56-4CEF-BE11-1D73E8ADB5B6}"
EndProject
Project("{2150E333-8FDC-42A3-9474-1A3956D46DE8}") = "Task2", "Task2", "{E916123F-B9C5-48F5-9434-E80855E1E48B}"
EndProject
Project("{FAE04EC0-301F-11D3-BF4B-00C04F79EFBC}") = "Tyuiu.IvashkinaKE.Sprint6.Task2.V10.Lib", "Tyuiu.IvashkinaKE.Sprint6.Task2.V10.Lib\Tyuiu.IvashkinaKE.Sprint6.Task2.V10.Lib.csproj", "{FDC0A0A7-78BE-4B9C-9752-ED1E172251B1}"
EndProject
Project("{FAE04EC0-301F-11D3-BF4B-00C04F79EFBC}") = "Tyuiu.IvashkinaKE.Sprint6.Task2.V10.Test", "Tyuiu.IvashkinaKE.Sprint6.Task2.V10.Test\Tyuiu.IvashkinaKE.Sprint6.Task2.V10.Test.csproj", "{BB9BF7FA-65E9-4098-95E0-5A62914856E4}"
EndProject
Project("{FAE04EC0-301F-11D3-BF4B-00C04F79EFBC}") = "Tyuiu.IvashkinaKE.Sprint6.Task2.V10", "Tyuiu.IvashkinaKE.Sprint6.Task2.V10\Tyuiu.IvashkinaKE.Sprint6.Task2.V10.csproj", "{31FCE2D2-E971-404D-A6AA-A1B2FB37CF0A}"
EndProject
Project("{2150E333-8FDC-42A3-9474-1A3956D46DE8}") = "Task3", "Task3", "{DC02A5C7-A9D2-4558-97EA-0BAF388FDFED}"
EndProject
Project("{FAE04EC0-301F-11D3-BF4B-00C04F79EFBC}") = "Tyuiu.IvashkinaKE.Sprint6.Task3.V25.Lib", "Tyuiu.IvashkinaKE.Sprint6.Task3.V25.Lib\Tyuiu.IvashkinaKE.Sprint6.Task3.V25.Lib.csproj", "{E137065B-8F37-4894-A927-0F9C351209E1}"
EndProject
Project("{FAE04EC0-301F-11D3-BF4B-00C04F79EFBC}") = "Tyuiu.IvashkinaKE.Sprint6.Task3.V25.Test", "Tyuiu.IvashkinaKE.Sprint6.Task3.V25.Test\Tyuiu.IvashkinaKE.Sprint6.Task3.V25.Test.csproj", "{76E1193A-C352-4F6D-B616-A5B0D052F91F}"
EndProject
Project("{FAE04EC0-301F-11D3-BF4B-00C04F79EFBC}") = "Tyuiu.IvashkinaKE.Sprint6.Task3.V25", "Tyuiu.IvashkinaKE.Sprint6.Task3.V25\Tyuiu.IvashkinaKE.Sprint6.Task3.V25.csproj", "{8F18A41D-DCBC-4E35-A990-124C0503DB29}"
EndProject
Project("{2150E333-8FDC-42A3-9474-1A3956D46DE8}") = "Task4", "Task4", "{583688C9-BDA4-49F4-9B54-65F97C934B7E}"
EndProject
Project("{FAE04EC0-301F-11D3-BF4B-00C04F79EFBC}") = "Tyuiu.IvashkinaKE.Sprint6.Task4.V14.Lib", "Tyuiu.IvashkinaKE.Sprint6.Task4.V14.Lib\Tyuiu.IvashkinaKE.Sprint6.Task4.V14.Lib.csproj", "{A65DFAEE-78C6-4A89-90E5-46316B1D7195}"
EndProject
Project("{FAE04EC0-301F-11D3-BF4B-00C04F79EFBC}") = "Tyuiu.IvashkinaKE.Sprint6.Task4.V14.Test", "Tyuiu.IvashkinaKE.Sprint6.Task4.V14.Test\Tyuiu.IvashkinaKE.Sprint6.Task4.V14.Test.csproj", "{BD7C2D2C-2559-425E-B942-8E7BB0832623}"
EndProject
Project("{FAE04EC0-301F-11D3-BF4B-00C04F79EFBC}") = "Tyuiu.IvashkinaKE.Sprint6.Task4.V14", "Tyuiu.IvashkinaKE.Sprint6.Task4.V14\Tyuiu.IvashkinaKE.Sprint6.Task4.V14.csproj", "{71DEA3C8-8BD8-4728-9D55-8A620E4FEC27}"
EndProject
Project("{2150E333-8FDC-42A3-9474-1A3956D46DE8}") = "Task5", "Task5", "{16D48FAB-8CBC-4338-BF50-F3ACDE7294FE}"
EndProject
Project("{FAE04EC0-301F-11D3-BF4B-00C04F79EFBC}") = "Tyuiu.IvashkinaKE.Sprint6.Task5.V10.Lib", "Tyuiu.IvashkinaKE.Sprint6.Task5.V10.Lib\Tyuiu.IvashkinaKE.Sprint6.Task5.V10.Lib.csproj", "{ADF5A42D-470F-4804-B98B-22C5BF549F76}"
EndProject
Project("{FAE04EC0-301F-11D3-BF4B-00C04F79EFBC}") = "Tyuiu.IvashkinaKE.Sprint6.Task5.V10.Test", "Tyuiu.IvashkinaKE.Sprint6.Task5.V10.Test\Tyuiu.IvashkinaKE.Sprint6.Task5.V10.Test.csproj", "{1EE80E46-0E69-42FC-AA3E-1203FB0C5816}"
EndProject
Project("{FAE04EC0-301F-11D3-BF4B-00C04F79EFBC}") = "Tyuiu.IvashkinaKE.Sprint6.Task5.V10", "Tyuiu.IvashkinaKE.Sprint6.Task5.V10\Tyuiu.IvashkinaKE.Sprint6.Task5.V10.csproj", "{A728863A-2F14-4065-8345-BA98DE198A7D}"
EndProject
Project("{2150E333-8FDC-42A3-9474-1A3956D46DE8}") = "Task6", "Task6", "{EA9813A2-6BEC-42A1-98F1-95AA7BA2E946}"
EndProject
Project("{FAE04EC0-301F-11D3-BF4B-00C04F79EFBC}") = "Tyuiu.IvashkinaKE.Sprint6.Task6.V26.Lib", "Tyuiu.IvashkinaKE.Sprint6.Task6.V26.Lib\Tyuiu.IvashkinaKE.Sprint6.Task6.V26.Lib.csproj", "{EB4BE4B1-54AE-4541-BFF7-0FB9169E5D9C}"
EndProject
Project("{FAE04EC0-301F-11D3-BF4B-00C04F79EFBC}") = "Tyuiu.IvashkinaKE.Sprint6.Task6.V26.Test", "Tyuiu.IvashkinaKE.Sprint6.Task6.V26.Test\Tyuiu.IvashkinaKE.Sprint6.Task6.V26.Test.csproj", "{5DE12EB9-355A-43D4-819F-9427C603F93A}"
EndProject
Project("{FAE04EC0-301F-11D3-BF4B-00C04F79EFBC}") = "Tyuiu.IvashkinaKE.Sprint6.Task6.V26", "Tyuiu.IvashkinaKE.Sprint6.Task6.V26\Tyuiu.IvashkinaKE.Sprint6.Task6.V26.csproj", "{D9A08E71-77F9-41D9-9A44-23B4248F2BE6}"
EndProject
Project("{2150E333-8FDC-42A3-9474-1A3956D46DE8}") = "Task7", "Task7", "{2009A571-117D-47C5-B319-DFF9B6A7F83B}"
EndProject
Project("{FAE04EC0-301F-11D3-BF4B-00C04F79EFBC}") = "Tyuiu.IvashkinaKE.Sprint6.Task7.V18.Lib", "Tyuiu.IvashkinaKE.Sprint6.Task7.V18.Lib\Tyuiu.IvashkinaKE.Sprint6.Task7.V18.Lib.csproj", "{B1286597-AACD-499D-AC63-7E928A53E8AB}"
EndProject
Project("{FAE04EC0-301F-11D3-BF4B-00C04F79EFBC}") = "Tyuiu.IvashkinaKE.Sprint6.Task7.V18.Test", "Tyuiu.IvashkinaKE.Sprint6.Task7.V18.Test\Tyuiu.IvashkinaKE.Sprint6.Task7.V18.Test.csproj", "{60BB87B5-4FFA-4776-8DD4-F9BD214D35EE}"
EndProject
Project("{FAE04EC0-301F-11D3-BF4B-00C04F79EFBC}") = "Tyuiu.IvashkinaKE.Sprint6.Task7.V18", "Tyuiu.IvashkinaKE.Sprint6.Task7.V18\Tyuiu.IvashkinaKE.Sprint6.Task7.V18.csproj", "{E3B05A9C-A1D7-4428-BE23-361A1D8EF256}"
EndProject
Global
	GlobalSection(SolutionConfigurationPlatforms) = preSolution
		Debug|Any CPU = Debug|Any CPU
		Release|Any CPU = Release|Any CPU
	EndGlobalSection
	GlobalSection(ProjectConfigurationPlatforms) = postSolution
		{6AE86624-F900-4A76-A0B0-6877A56F2A18}.Debug|Any CPU.ActiveCfg = Debug|Any CPU
		{6AE86624-F900-4A76-A0B0-6877A56F2A18}.Debug|Any CPU.Build.0 = Debug|Any CPU
		{6AE86624-F900-4A76-A0B0-6877A56F2A18}.Release|Any CPU.ActiveCfg = Release|Any CPU
		{6AE86624-F900-4A76-A0B0-6877A56F2A18}.Release|Any CPU.Build.0 = Release|Any CPU
		{E98121CE-9E41-4210-BC0E-1B3CA3A7E12F}.Debug|Any CPU.ActiveCfg = Debug|Any CPU
		{E98121CE-9E41-4210-BC0E-1B3CA3A7E12F}.Debug|Any CPU.Build.0 = Debug|Any CPU
		{E98121CE-9E41-4210-BC0E-1B3CA3A7E12F}.Release|Any CPU.ActiveCfg = Release|Any CPU
		{E98121CE-9E41-4210-BC0E-1B3CA3A7E12F}.Release|Any CPU.Build.0 = Release|Any CPU
		{831CD4FD-E13E-4164-BEEB-744B26C51C02}.Debug|Any CPU.ActiveCfg = Debug|Any CPU
		{831CD4FD-E13E-4164-BEEB-744B26C51C02}.Debug|Any CPU.Build.0 = Debug|Any CPU
		{831CD4FD-E13E-4164-BEEB-744B26C51C02}.Release|Any CPU.ActiveCfg = Release|Any CPU
		{831CD4FD-E13E-4164-BEEB-744B26C51C02}.Release|Any CPU.Build.0 = Release|Any CPU
		{C5733F80-1016-4F15-BF05-71E7D11C209E}.Debug|Any CPU.ActiveCfg = Debug|Any CPU
		{C5733F80-1016-4F15-BF05-71E7D11C209E}.Debug|Any CPU.Build.0 = Debug|Any CPU
		{C5733F80-1016-4F15-BF05-71E7D11C209E}.Release|Any CPU.ActiveCfg = Release|Any CPU
		{C5733F80-1016-4F15-BF05-71E7D11C209E}.Release|Any CPU.Build.0 = Release|Any CPU
		{243395C6-A5EB-420C-B1D3-1FD8B82CCE99}.Debug|Any CPU.ActiveCfg = Debug|Any CPU
		{243395C6-A5EB-420C-B1D3-1FD8B82CCE99}.Debug|Any CPU.Build.0 = Debug|Any CPU
		{243395C6-A5EB-420C-B1D3-1FD8B82CCE99}.Release|Any CPU.ActiveCfg = Release|Any CPU
		{243395C6-A5EB-420C-B1D3-1FD8B82CCE99}.Release|Any CPU.Build.0 = Release|Any CPU
		{C865690E-1C56-4CEF-BE11-1D73E8ADB5B6}.Debug|Any CPU.ActiveCfg = Debug|Any CPU
		{C865690E-1C56-4CEF-BE11-1D73E8ADB5B6}.Debug|Any CPU.Build.0 = Debug|Any CPU
		{C865690E-1C56-4CEF-BE11-1D73E8ADB5B6}.Release|Any CPU.ActiveCfg = Release|Any CPU
		{C865690E-1C56-4CEF-BE11-1D73E8ADB5B6}.Release|Any CPU.Build.0 = Release|Any CPU
		{FDC0A0A7-78BE-4B9C-9752-ED1E172251B1}.Debug|Any CPU.ActiveCfg = Debug|Any CPU
		{FDC0A0A7-78BE-4B9C-9752-ED1E172251B1}.Debug|Any CPU.Build.0 = Debug|Any CPU
		{FDC0A0A7-78BE-4B9C-9752-ED1E172251B1}.Release|Any CPU.ActiveCfg = Release|Any CPU
		{FDC0A0A7-78BE-4B9C-9752-ED1E172251B1}.Release|Any CPU.Build.0 = Release|Any CPU
		{BB9BF7FA-65E9-4098-95E0-5A62914856E4}.Debug|Any CPU.ActiveCfg = Debug|Any CPU
		{BB9BF7FA-65E9-4098-95E0-5A62914856E4}.Debug|Any CPU.Build.0 = Debug|Any CPU
		{BB9BF7FA-65E9-4098-95E0-5A62914856E4}.Release|Any CPU.ActiveCfg = Release|Any CPU
		{BB9BF7FA-65E9-4098-95E0-5A62914856E4}.Release|Any CPU.Build.0 = Release|Any CPU
		{31FCE2D2-E971-404D-A6AA-A1B2FB37CF0A}.Debug|Any CPU.ActiveCfg = Debug|Any CPU
		{31FCE2D2-E971-404D-A6AA-A1B2FB37CF0A}.Debug|Any CPU.Build.0 = Debug|Any CPU
		{31FCE2D2-E971-404D-A6AA-A1B2FB37CF0A}.Release|Any CPU.ActiveCfg = Release|Any CPU
		{31FCE2D2-E971-404D-A6AA-A1B2FB37CF0A}.Release|Any CPU.Build.0 = Release|Any CPU
		{E137065B-8F37-4894-A927-0F9C351209E1}.Debug|Any CPU.ActiveCfg = Debug|Any CPU
		{E137065B-8F37-4894-A927-0F9C351209E1}.Debug|Any CPU.Build.0 = Debug|Any CPU
		{E137065B-8F37-4894-A927-0F9C351209E1}.Release|Any CPU.ActiveCfg = Release|Any CPU
		{E137065B-8F37-4894-A927-0F9C351209E1}.Release|Any CPU.Build.0 = Release|Any CPU
		{76E1193A-C352-4F6D-B616-A5B0D052F91F}.Debug|Any CPU.ActiveCfg = Debug|Any CPU
		{76E1193A-C352-4F6D-B616-A5B0D052F91F}.Debug|Any CPU.Build.0 = Debug|Any CPU
		{76E1193A-C352-4F6D-B616-A5B0D052F91F}.Release|Any CPU.ActiveCfg = Release|Any CPU
		{76E1193A-C352-4F6D-B616-A5B0D052F91F}.Release|Any CPU.Build.0 = Release|Any CPU
		{8F18A41D-DCBC-4E35-A990-124C0503DB29}.Debug|Any CPU.ActiveCfg = Debug|Any CPU
		{8F18A41D-DCBC-4E35-A990-124C0503DB29}.Debug|Any CPU.Build.0 = Debug|Any CPU
		{8F18A41D-DCBC-4E35-A990-124C0503DB29}.Release|Any CPU.ActiveCfg = Release|Any CPU
		{8F18A41D-DCBC-4E35-A990-124C0503DB29}.Release|Any CPU.Build.0 = Release|Any CPU
		{A65DFAEE-78C6-4A89-90E5-46316B1D7195}.Debug|Any CPU.ActiveCfg = Debug|Any CPU
		{A65DFAEE-78C6-4A89-90E5-46316B1D7195}.Debug|Any CPU.Build.0 = Debug|Any CPU
		{A65DFAEE-78C6-4A89-90E5-46316B1D7195}.Release|Any CPU.ActiveCfg = Release|Any CPU
		{A65DFAEE-78C6-4A89-90E5-46316B1D7195}.Release|Any CPU.Build.0 = Release|Any CPU
		{BD7C2D2C-2559-425E-B942-8E7BB0832623}.Debug|Any CPU.ActiveCfg = Debug|Any CPU
		{BD7C2D2C-2559-425E-B942-8E7BB0832623}.Debug|Any CPU.Build.0 = Debug|Any CPU
		{BD7C2D2C-2559-425E-B942-8E7BB0832623}.Release|Any CPU.ActiveCfg = Release|Any CPU
		{BD7C2D2C-2559-425E-B942-8E7BB0832623}.Release|Any CPU.Build.0 = Release|Any CPU
		{71DEA3C8-8BD8-4728-9D55-8A620E4FEC27}.Debug|Any CPU.ActiveCfg = Debug|Any CPU
		{71DEA3C8-8BD8-4728-9D55-8A620E4FEC27}.Debug|Any CPU.Build.0 = Debug|Any CPU
		{71DEA3C8-8BD8-4728-9D55-8A620E4FEC27}.Release|Any CPU.ActiveCfg = Release|Any CPU
		{71DEA3C8-8BD8-4728-9D55-8A620E4FEC27}.Release|Any CPU.Build.0 = Release|Any CPU
		{ADF5A42D-470F-4804-B98B-22C5BF549F76}.Debug|Any CPU.ActiveCfg = Debug|Any CPU
		{ADF5A42D-470F-4804-B98B-22C5BF549F76}.Debug|Any CPU.Build.0 = Debug|Any CPU
		{ADF5A42D-470F-4804-B98B-22C5BF549F76}.Release|Any CPU.ActiveCfg = Release|Any CPU
		{ADF5A42D-470F-4804-B98B-22C5BF549F76}.Release|Any CPU.Build.0 = Release|Any CPU
		{1EE80E46-0E69-42FC-AA3E-1203FB0C5816}.Debug|Any CPU.ActiveCfg = Debug|Any CPU
		{1EE80E46-0E69-42FC-AA3E-1203FB0C5816}.Debug|Any CPU.Build.0 = Debug|Any CPU
		{1EE80E46-0E69-42FC-AA3E-1203FB0C5816}.Release|Any CPU.ActiveCfg = Release|Any CPU
		{1EE80E46-0E69-42FC-AA3E-1203FB0C5816}.Release|Any CPU.Build.0 = Release|Any CPU
		{A728863A-2F14-4065-8345-BA98DE198A7D}.Debug|Any CPU.ActiveCfg = Debug|Any CPU
		{A728863A-2F14-4065-8345-BA98DE198A7D}.Debug|Any CPU.Build.0 = Debug|Any CPU
		{A728863A-2F14-4065-8345-BA98DE198A7D}.Release|Any CPU.ActiveCfg = Release|Any CPU
		{A728863A-2F14-4065-8345-BA98DE198A7D}.Release|Any CPU.Build.0 = Release|Any CPU
		{EB4BE4B1-54AE-4541-BFF7-0FB9169E5D9C}.Debug|Any CPU.ActiveCfg = Debug|Any CPU
		{EB4BE4B1-54AE-4541-BFF7-0FB9169E5D9C}.Debug|Any CPU.Build.0 = Debug|Any CPU
		{EB4BE4B1-54AE-4541-BFF7-0FB9169E5D9C}.Release|Any CPU.ActiveCfg = Release|Any CPU
		{EB4BE4B1-54AE-4541-BFF7-0FB9169E5D9C}.Release|Any CPU.Build.0 = Release|Any CPU
		{5DE12EB9-355A-43D4-819F-9427C603F93A}.Debug|Any CPU.ActiveCfg = Debug|Any CPU
		{5DE12EB9-355A-43D4-819F-9427C603F93A}.Debug|Any CPU.Build.0 = Debug|Any CPU
		{5DE12EB9-355A-43D4-819F-9427C603F93A}.Release|Any CPU.ActiveCfg = Release|Any CPU
		{5DE12EB9-355A-43D4-819F-9427C603F93A}.Release|Any CPU.Build.0 = Release|Any CPU
		{D9A08E71-77F9-41D9-9A44-23B4248F2BE6}.Debug|Any CPU.ActiveCfg = Debug|Any CPU
		{D9A08E71-77F9-41D9-9A44-23B4248F2BE6}.Debug|Any CPU.Build.0 = Debug|Any CPU
		{D9A08E71-77F9-41D9-9A44-23B4248F2BE6}.Release|Any CPU.ActiveCfg = Release|Any CPU
		{D9A08E71-77F9-41D9-9A44-23B4248F2BE6}.Release|Any CPU.Build.0 = Release|Any CPU
		{B1286597-AACD-499D-AC63-7E928A53E8AB}.Debug|Any CPU.ActiveCfg = Debug|Any CPU
		{B1286597-AACD-499D-AC63-7E928A53E8AB}.Debug|Any CPU.Build.0 = Debug|Any CPU
		{B1286597-AACD-499D-AC63-7E928A53E8AB}.Release|Any CPU.ActiveCfg = Release|Any CPU
		{B1286597-AACD-499D-AC63-7E928A53E8AB}.Release|Any CPU.Build.0 = Release|Any CPU
		{60BB87B5-4FFA-4776-8DD4-F9BD214D35EE}.Debug|Any CPU.ActiveCfg = Debug|Any CPU
		{60BB87B5-4FFA-4776-8DD4-F9BD214D35EE}.Debug|Any CPU.Build.0 = Debug|Any CPU
		{60BB87B5-4FFA-4776-8DD4-F9BD214D35EE}.Release|Any CPU.ActiveCfg = Release|Any CPU
		{60BB87B5-4FFA-4776-8DD4-F9BD214D35EE}.Release|Any CPU.Build.0 = Release|Any CPU
		{E3B05A9C-A1D7-4428-BE23-361A1D8EF256}.Debug|Any CPU.ActiveCfg = Debug|Any CPU
		{E3B05A9C-A1D7-4428-BE23-361A1D8EF256}.Debug|Any CPU.Build.0 = Debug|Any CPU
		{E3B05A9C-A1D7-4428-BE23-361A1D8EF256}.Release|Any CPU.ActiveCfg = Release|Any CPU
		{E3B05A9C-A1D7-4428-BE23-361A1D8EF256}.Release|Any CPU.Build.0 = Release|Any CPU
	EndGlobalSection
	GlobalSection(SolutionProperties) = preSolution
		HideSolutionNode = FALSE
	EndGlobalSection
	GlobalSection(NestedProjects) = preSolution
		{6AE86624-F900-4A76-A0B0-6877A56F2A18} = {E2B3E4C5-A91C-42ED-AB7D-244AA620E97C}
		{E98121CE-9E41-4210-BC0E-1B3CA3A7E12F} = {E2B3E4C5-A91C-42ED-AB7D-244AA620E97C}
		{831CD4FD-E13E-4164-BEEB-744B26C51C02} = {E2B3E4C5-A91C-42ED-AB7D-244AA620E97C}
		{C5733F80-1016-4F15-BF05-71E7D11C209E} = {191DE8FB-BB30-4C5C-B204-A9027214CCBF}
		{243395C6-A5EB-420C-B1D3-1FD8B82CCE99} = {191DE8FB-BB30-4C5C-B204-A9027214CCBF}
		{C865690E-1C56-4CEF-BE11-1D73E8ADB5B6} = {191DE8FB-BB30-4C5C-B204-A9027214CCBF}
		{FDC0A0A7-78BE-4B9C-9752-ED1E172251B1} = {E916123F-B9C5-48F5-9434-E80855E1E48B}
		{BB9BF7FA-65E9-4098-95E0-5A62914856E4} = {E916123F-B9C5-48F5-9434-E80855E1E48B}
		{31FCE2D2-E971-404D-A6AA-A1B2FB37CF0A} = {E916123F-B9C5-48F5-9434-E80855E1E48B}
		{E137065B-8F37-4894-A927-0F9C351209E1} = {DC02A5C7-A9D2-4558-97EA-0BAF388FDFED}
		{76E1193A-C352-4F6D-B616-A5B0D052F91F} = {DC02A5C7-A9D2-4558-97EA-0BAF388FDFED}
		{8F18A41D-DCBC-4E35-A990-124C0503DB29} = {DC02A5C7-A9D2-4558-97EA-0BAF388FDFED}
		{A65DFAEE-78C6-4A89-90E5-46316B1D7195} = {583688C9-BDA4-49F4-9B54-65F97C934B7E}
		{BD7C2D2C-2559-425E-B942-8E7BB0832623} = {583688C9-BDA4-49F4-9B54-65F97C934B7E}
		{71DEA3C8-8BD8-4728-9D55-8A620E4FEC27} = {583688C9-BDA4-49F4-9B54-65F97C934B7E}
		{ADF5A42D-470F-4804-B98B-22C5BF549F76} = {16D48FAB-8CBC-4338-BF50-F3ACDE7294FE}
		{1EE80E46-0E69-42FC-AA3E-1203FB0C5816} = {16D48FAB-8CBC-4338-BF50-F3ACDE7294FE}
		{A728863A-2F14-4065-8345-BA98DE198A7D} = {16D48FAB-8CBC-4338-BF50-F3ACDE7294FE}
		{EB4BE4B1-54AE-4541-BFF7-0FB9169E5D9C} = {EA9813A2-6BEC-42A1-98F1-95AA7BA2E946}
		{5DE12EB9-355A-43D4-819F-9427C603F93A} = {EA9813A2-6BEC-42A1-98F1-95AA7BA2E946}
		{D9A08E71-77F9-41D9-9A44-23B4248F2BE6} = {EA9813A2-6BEC-42A1-98F1-95AA7BA2E946}
		{B1286597-AACD-499D-AC63-7E928A53E8AB} = {2009A571-117D-47C5-B319-DFF9B6A7F83B}
		{60BB87B5-4FFA-4776-8DD4-F9BD214D35EE} = {2009A571-117D-47C5-B319-DFF9B6A7F83B}
		{E3B05A9C-A1D7-4428-BE23-361A1D8EF256} = {2009A571-117D-47C5-B319-DFF9B6A7F83B}
	EndGlobalSection
	GlobalSection(ExtensibilityGlobals) = postSolution
		SolutionGuid = {00FF204A-2496-4E0B-ADCF-B21F3333F4DF}
	EndGlobalSection
EndGlobal
